{
    "_readme": [
        "This file locks the dependencies of your project to a known state",
        "Read more about it at https://getcomposer.org/doc/01-basic-usage.md#installing-dependencies",
        "This file is @generated automatically"
    ],
    "content-hash": "6bb9f6af5d2af378c49c8c64392f1661",
    "packages": [
        {
            "name": "optilab/wp-db",
            "version": "dev-master",
            "source": {
                "type": "git",
                "url": "https://github.com/hitankar/wp-db.git",
                "reference": "7713ec33dbd9933dc5b9c9c37ddba8d4d7ee4319"
            },
            "dist": {
                "type": "zip",
                "url": "https://api.github.com/repos/hitankar/wp-db/zipball/7713ec33dbd9933dc5b9c9c37ddba8d4d7ee4319",
                "reference": "7713ec33dbd9933dc5b9c9c37ddba8d4d7ee4319",
                "shasum": ""
            },
            "type": "library",
            "autoload": {
                "psr-4": {
                    "Optilab\\DB\\": "app/"
                }
            },
            "license": [
                "GPL-3.0-or-later"
            ],
            "authors": [
                {
                    "name": "Hitankar Ray",
                    "email": "hitankar@gmail.com"
                }
            ],
            "description": "DB Library to manage custom tables",
            "support": {
                "source": "https://github.com/hitankar/wp-db/tree/master",
                "issues": "https://github.com/hitankar/wp-db/issues"
            },
            "time": "2019-01-24T14:08:31+00:00"
        },
        {
            "name": "optilab/wp-meta-box-builder",
            "version": "dev-master",
            "source": {
                "type": "git",
                "url": "https://github.com/hitankar/WPMetaBoxBuilder.git",
                "reference": "7cfd00a277f376baee2a629c465ca3f922e666f9"
            },
            "dist": {
                "type": "zip",
                "url": "https://api.github.com/repos/hitankar/WPMetaBoxBuilder/zipball/7cfd00a277f376baee2a629c465ca3f922e666f9",
                "reference": "7cfd00a277f376baee2a629c465ca3f922e666f9",
                "shasum": ""
            },
            "type": "library",
            "autoload": {
                "psr-4": {
                    "Optilab\\WPMetaBoxBuilder\\": "app/"
                }
            },
            "license": [
                "GPL-3.0-or-later"
            ],
            "authors": [
                {
                    "name": "Hitankar Ray",
                    "email": "hitankar@gmail.com"
                }
            ],
            "description": "Create object oriented WordPress metaboxes",
            "support": {
                "source": "https://github.com/hitankar/WPMetaBoxBuilder/tree/master",
                "issues": "https://github.com/hitankar/WPMetaBoxBuilder/issues"
            },
            "time": "2019-01-24T14:15:35+00:00"
        }
    ],
    "packages-dev": [],
    "aliases": [],
    "minimum-stability": "dev",
    "stability-flags": {
        "optilab/wp-meta-box-builder": 20,
        "optilab/wp-db": 20
    },
    "prefer-stable": false,
    "prefer-lowest": false,
    "platform": [],
    "platform-dev": []
}
